// !$*UTF8*$!
{
	archiveVersion = 1;
	classes = {
	};
	objectVersion = 46;
	objects = {

/* Begin PBXBuildFile section */
		B532D22E1F33181500F6CDBB /* AppDelegate.m in Sources */ = {isa = PBXBuildFile; fileRef = B532D22D1F33181500F6CDBB /* AppDelegate.m */; };
		B532D2311F33181500F6CDBB /* main.m in Sources */ = {isa = PBXBuildFile; fileRef = B532D2301F33181500F6CDBB /* main.m */; };
		B532D2341F33181500F6CDBB /* ViewController.m in Sources */ = {isa = PBXBuildFile; fileRef = B532D2331F33181500F6CDBB /* ViewController.m */; };
		B532D2361F33181500F6CDBB /* Assets.xcassets in Resources */ = {isa = PBXBuildFile; fileRef = B532D2351F33181500F6CDBB /* Assets.xcassets */; };
		B532D2391F33181500F6CDBB /* Main.storyboard in Resources */ = {isa = PBXBuildFile; fileRef = B532D2371F33181500F6CDBB /* Main.storyboard */; };
		B532D2441F33181500F6CDBB /* NSOpenPanelTests.m in Sources */ = {isa = PBXBuildFile; fileRef = B532D2431F33181500F6CDBB /* NSOpenPanelTests.m */; };
		B532D24F1F33181500F6CDBB /* NSOpenPanelUITests.m in Sources */ = {isa = PBXBuildFile; fileRef = B532D24E1F33181500F6CDBB /* NSOpenPanelUITests.m */; };
/* End PBXBuildFile section */

/* Begin PBXContainerItemProxy section */
		B532D2401F33181500F6CDBB /* PBXContainerItemProxy */ = {
			isa = PBXContainerItemProxy;
			containerPortal = B532D2211F33181500F6CDBB /* Project object */;
			proxyType = 1;
			remoteGlobalIDString = B532D2281F33181500F6CDBB;
			remoteInfo = NSOpenPanel;
		};
		B532D24B1F33181500F6CDBB /* PBXContainerItemProxy */ = {
			isa = PBXContainerItemProxy;
			containerPortal = B532D2211F33181500F6CDBB /* Project object */;
			proxyType = 1;
			remoteGlobalIDString = B532D2281F33181500F6CDBB;
			remoteInfo = NSOpenPanel;
		};
/* End PBXContainerItemProxy section */

/* Begin PBXFileReference section */
		B532D2291F33181500F6CDBB /* NSOpenPanel.app */ = {isa = PBXFileReference; explicitFileType = wrapper.application; includeInIndex = 0; path = NSOpenPanel.app; sourceTree = BUILT_PRODUCTS_DIR; };
		B532D22C1F33181500F6CDBB /* AppDelegate.h */ = {isa = PBXFileReference; lastKnownFileType = sourcecode.c.h; path = AppDelegate.h; sourceTree = "<group>"; };
		B532D22D1F33181500F6CDBB /* AppDelegate.m */ = {isa = PBXFileReference; lastKnownFileType = sourcecode.c.objc; path = AppDelegate.m; sourceTree = "<group>"; };
		B532D2301F33181500F6CDBB /* main.m */ = {isa = PBXFileReference; lastKnownFileType = sourcecode.c.objc; path = main.m; sourceTree = "<group>"; };
		B532D2321F33181500F6CDBB /* ViewController.h */ = {isa = PBXFileReference; lastKnownFileType = sourcecode.c.h; path = ViewController.h; sourceTree = "<group>"; };
		B532D2331F33181500F6CDBB /* ViewController.m */ = {isa = PBXFileReference; lastKnownFileType = sourcecode.c.objc; path = ViewController.m; sourceTree = "<group>"; };
		B532D2351F33181500F6CDBB /* Assets.xcassets */ = {isa = PBXFileReference; lastKnownFileType = folder.assetcatalog; path = Assets.xcassets; sourceTree = "<group>"; };
		B532D2381F33181500F6CDBB /* Base */ = {isa = PBXFileReference; lastKnownFileType = file.storyboard; name = Base; path = Base.lproj/Main.storyboard; sourceTree = "<group>"; };
		B532D23A1F33181500F6CDBB /* Info.plist */ = {isa = PBXFileReference; lastKnownFileType = text.plist.xml; path = Info.plist; sourceTree = "<group>"; };
		B532D23F1F33181500F6CDBB /* NSOpenPanelTests.xctest */ = {isa = PBXFileReference; explicitFileType = wrapper.cfbundle; includeInIndex = 0; path = NSOpenPanelTests.xctest; sourceTree = BUILT_PRODUCTS_DIR; };
		B532D2431F33181500F6CDBB /* NSOpenPanelTests.m */ = {isa = PBXFileReference; lastKnownFileType = sourcecode.c.objc; path = NSOpenPanelTests.m; sourceTree = "<group>"; };
		B532D2451F33181500F6CDBB /* Info.plist */ = {isa = PBXFileReference; lastKnownFileType = text.plist.xml; path = Info.plist; sourceTree = "<group>"; };
		B532D24A1F33181500F6CDBB /* NSOpenPanelUITests.xctest */ = {isa = PBXFileReference; explicitFileType = wrapper.cfbundle; includeInIndex = 0; path = NSOpenPanelUITests.xctest; sourceTree = BUILT_PRODUCTS_DIR; };
		B532D24E1F33181500F6CDBB /* NSOpenPanelUITests.m */ = {isa = PBXFileReference; lastKnownFileType = sourcecode.c.objc; path = NSOpenPanelUITests.m; sourceTree = "<group>"; };
		B532D2501F33181500F6CDBB /* Info.plist */ = {isa = PBXFileReference; lastKnownFileType = text.plist.xml; path = Info.plist; sourceTree = "<group>"; };
/* End PBXFileReference section */

/* Begin PBXFrameworksBuildPhase section */
		B532D2261F33181500F6CDBB /* Frameworks */ = {
			isa = PBXFrameworksBuildPhase;
			buildActionMask = 2147483647;
			files = (
			);
			runOnlyForDeploymentPostprocessing = 0;
		};
		B532D23C1F33181500F6CDBB /* Frameworks */ = {
			isa = PBXFrameworksBuildPhase;
			buildActionMask = 2147483647;
			files = (
			);
			runOnlyForDeploymentPostprocessing = 0;
		};
		B532D2471F33181500F6CDBB /* Frameworks */ = {
			isa = PBXFrameworksBuildPhase;
			buildActionMask = 2147483647;
			files = (
			);
			runOnlyForDeploymentPostprocessing = 0;
		};
/* End PBXFrameworksBuildPhase section */

/* Begin PBXGroup section */
		B532D2201F33181500F6CDBB = {
			isa = PBXGroup;
			children = (
				B532D22B1F33181500F6CDBB /* NSOpenPanel */,
				B532D2421F33181500F6CDBB /* NSOpenPanelTests */,
				B532D24D1F33181500F6CDBB /* NSOpenPanelUITests */,
				B532D22A1F33181500F6CDBB /* Products */,
			);
			sourceTree = "<group>";
		};
		B532D22A1F33181500F6CDBB /* Products */ = {
			isa = PBXGroup;
			children = (
				B532D2291F33181500F6CDBB /* NSOpenPanel.app */,
				B532D23F1F33181500F6CDBB /* NSOpenPanelTests.xctest */,
				B532D24A1F33181500F6CDBB /* NSOpenPanelUITests.xctest */,
			);
			name = Products;
			sourceTree = "<group>";
		};
		B532D22B1F33181500F6CDBB /* NSOpenPanel */ = {
			isa = PBXGroup;
			children = (
				B532D22C1F33181500F6CDBB /* AppDelegate.h */,
				B532D22D1F33181500F6CDBB /* AppDelegate.m */,
				B532D2321F33181500F6CDBB /* ViewController.h */,
				B532D2331F33181500F6CDBB /* ViewController.m */,
				B532D2351F33181500F6CDBB /* Assets.xcassets */,
				B532D2371F33181500F6CDBB /* Main.storyboard */,
				B532D23A1F33181500F6CDBB /* Info.plist */,
				B532D22F1F33181500F6CDBB /* Supporting Files */,
			);
			path = NSOpenPanel;
			sourceTree = "<group>";
		};
		B532D22F1F33181500F6CDBB /* Supporting Files */ = {
			isa = PBXGroup;
			children = (
				B532D2301F33181500F6CDBB /* main.m */,
			);
			name = "Supporting Files";
			sourceTree = "<group>";
		};
		B532D2421F33181500F6CDBB /* NSOpenPanelTests */ = {
			isa = PBXGroup;
			children = (
				B532D2431F33181500F6CDBB /* NSOpenPanelTests.m */,
				B532D2451F33181500F6CDBB /* Info.plist */,
			);
			path = NSOpenPanelTests;
			sourceTree = "<group>";
		};
		B532D24D1F33181500F6CDBB /* NSOpenPanelUITests */ = {
			isa = PBXGroup;
			children = (
				B532D24E1F33181500F6CDBB /* NSOpenPanelUITests.m */,
				B532D2501F33181500F6CDBB /* Info.plist */,
			);
			path = NSOpenPanelUITests;
			sourceTree = "<group>";
		};
/* End PBXGroup section */

/* Begin PBXNativeTarget section */
		B532D2281F33181500F6CDBB /* NSOpenPanel */ = {
			isa = PBXNativeTarget;
			buildConfigurationList = B532D2531F33181500F6CDBB /* Build configuration list for PBXNativeTarget "NSOpenPanel" */;
			buildPhases = (
				B532D2251F33181500F6CDBB /* Sources */,
				B532D2261F33181500F6CDBB /* Frameworks */,
				B532D2271F33181500F6CDBB /* Resources */,
			);
			buildRules = (
			);
			dependencies = (
			);
			name = NSOpenPanel;
			productName = NSOpenPanel;
			productReference = B532D2291F33181500F6CDBB /* NSOpenPanel.app */;
			productType = "com.apple.product-type.application";
		};
		B532D23E1F33181500F6CDBB /* NSOpenPanelTests */ = {
			isa = PBXNativeTarget;
			buildConfigurationList = B532D2561F33181500F6CDBB /* Build configuration list for PBXNativeTarget "NSOpenPanelTests" */;
			buildPhases = (
				B532D23B1F33181500F6CDBB /* Sources */,
				B532D23C1F33181500F6CDBB /* Frameworks */,
				B532D23D1F33181500F6CDBB /* Resources */,
			);
			buildRules = (
			);
			dependencies = (
				B532D2411F33181500F6CDBB /* PBXTargetDependency */,
			);
			name = NSOpenPanelTests;
			productName = NSOpenPanelTests;
			productReference = B532D23F1F33181500F6CDBB /* NSOpenPanelTests.xctest */;
			productType = "com.apple.product-type.bundle.unit-test";
		};
		B532D2491F33181500F6CDBB /* NSOpenPanelUITests */ = {
			isa = PBXNativeTarget;
			buildConfigurationList = B532D2591F33181500F6CDBB /* Build configuration list for PBXNativeTarget "NSOpenPanelUITests" */;
			buildPhases = (
				B532D2461F33181500F6CDBB /* Sources */,
				B532D2471F33181500F6CDBB /* Frameworks */,
				B532D2481F33181500F6CDBB /* Resources */,
			);
			buildRules = (
			);
			dependencies = (
				B532D24C1F33181500F6CDBB /* PBXTargetDependency */,
			);
			name = NSOpenPanelUITests;
			productName = NSOpenPanelUITests;
			productReference = B532D24A1F33181500F6CDBB /* NSOpenPanelUITests.xctest */;
			productType = "com.apple.product-type.bundle.ui-testing";
		};
/* End PBXNativeTarget section */

/* Begin PBXProject section */
		B532D2211F33181500F6CDBB /* Project object */ = {
			isa = PBXProject;
			attributes = {
				LastUpgradeCheck = 0830;
				ORGANIZATIONNAME = Smartisan;
				TargetAttributes = {
					B532D2281F33181500F6CDBB = {
						CreatedOnToolsVersion = 8.3.3;
						DevelopmentTeam = DZQ5YNVEU2;
						ProvisioningStyle = Automatic;
					};
					B532D23E1F33181500F6CDBB = {
						CreatedOnToolsVersion = 8.3.3;
						DevelopmentTeam = DZQ5YNVEU2;
						ProvisioningStyle = Automatic;
						TestTargetID = B532D2281F33181500F6CDBB;
					};
					B532D2491F33181500F6CDBB = {
						CreatedOnToolsVersion = 8.3.3;
						DevelopmentTeam = DZQ5YNVEU2;
						ProvisioningStyle = Automatic;
						TestTargetID = B532D2281F33181500F6CDBB;
					};
				};
			};
			buildConfigurationList = B532D2241F33181500F6CDBB /* Build configuration list for PBXProject "NSOpenPanel" */;
			compatibilityVersion = "Xcode 3.2";
			developmentRegion = English;
			hasScannedForEncodings = 0;
			knownRegions = (
				en,
				Base,
			);
			mainGroup = B532D2201F33181500F6CDBB;
			productRefGroup = B532D22A1F33181500F6CDBB /* Products */;
			projectDirPath = "";
			projectRoot = "";
			targets = (
				B532D2281F33181500F6CDBB /* NSOpenPanel */,
				B532D23E1F33181500F6CDBB /* NSOpenPanelTests */,
				B532D2491F33181500F6CDBB /* NSOpenPanelUITests */,
			);
		};
/* End PBXProject section */

/* Begin PBXResourcesBuildPhase section */
		B532D2271F33181500F6CDBB /* Resources */ = {
			isa = PBXResourcesBuildPhase;
			buildActionMask = 2147483647;
			files = (
				B532D2361F33181500F6CDBB /* Assets.xcassets in Resources */,
				B532D2391F33181500F6CDBB /* Main.storyboard in Resources */,
			);
			runOnlyForDeploymentPostprocessing = 0;
		};
		B532D23D1F33181500F6CDBB /* Resources */ = {
			isa = PBXResourcesBuildPhase;
			buildActionMask = 2147483647;
			files = (
			);
			runOnlyForDeploymentPostprocessing = 0;
		};
		B532D2481F33181500F6CDBB /* Resources */ = {
			isa = PBXResourcesBuildPhase;
			buildActionMask = 2147483647;
			files = (
			);
			runOnlyForDeploymentPostprocessing = 0;
		};
/* End PBXResourcesBuildPhase section */

/* Begin PBXSourcesBuildPhase section */
		B532D2251F33181500F6CDBB /* Sources */ = {
			isa = PBXSourcesBuildPhase;
			buildActionMask = 2147483647;
			files = (
				B532D2341F33181500F6CDBB /* ViewController.m in Sources */,
				B532D2311F33181500F6CDBB /* main.m in Sources */,
				B532D22E1F33181500F6CDBB /* AppDelegate.m in Sources */,
			);
			runOnlyForDeploymentPostprocessing = 0;
		};
		B532D23B1F33181500F6CDBB /* Sources */ = {
			isa = PBXSourcesBuildPhase;
			buildActionMask = 2147483647;
			files = (
				B532D2441F33181500F6CDBB /* NSOpenPanelTests.m in Sources */,
			);
			runOnlyForDeploymentPostprocessing = 0;
		};
		B532D2461F33181500F6CDBB /* Sources */ = {
			isa = PBXSourcesBuildPhase;
			buildActionMask = 2147483647;
			files = (
				B532D24F1F33181500F6CDBB /* NSOpenPanelUITests.m in Sources */,
			);
			runOnlyForDeploymentPostprocessing = 0;
		};
/* End PBXSourcesBuildPhase section */

/* Begin PBXTargetDependency section */
		B532D2411F33181500F6CDBB /* PBXTargetDependency */ = {
			isa = PBXTargetDependency;
			target = B532D2281F33181500F6CDBB /* NSOpenPanel */;
			targetProxy = B532D2401F33181500F6CDBB /* PBXContainerItemProxy */;
		};
		B532D24C1F33181500F6CDBB /* PBXTargetDependency */ = {
			isa = PBXTargetDependency;
			target = B532D2281F33181500F6CDBB /* NSOpenPanel */;
			targetProxy = B532D24B1F33181500F6CDBB /* PBXContainerItemProxy */;
		};
/* End PBXTargetDependency section */

/* Begin PBXVariantGroup section */
		B532D2371F33181500F6CDBB /* Main.storyboard */ = {
			isa = PBXVariantGroup;
			children = (
				B532D2381F33181500F6CDBB /* Base */,
			);
			name = Main.storyboard;
			sourceTree = "<group>";
		};
/* End PBXVariantGroup section */

/* Begin XCBuildConfiguration section */
		B532D2511F33181500F6CDBB /* Debug */ = {
			isa = XCBuildConfiguration;
			buildSettings = {
				ALWAYS_SEARCH_USER_PATHS = NO;
				CLANG_ANALYZER_NONNULL = YES;
				CLANG_ANALYZER_NUMBER_OBJECT_CONVERSION = YES_AGGRESSIVE;
				CLANG_CXX_LANGUAGE_STANDARD = "gnu++0x";
				CLANG_CXX_LIBRARY = "libc++";
				CLANG_ENABLE_MODULES = YES;
				CLANG_ENABLE_OBJC_ARC = YES;
				CLANG_WARN_BOOL_CONVERSION = YES;
				CLANG_WARN_CONSTANT_CONVERSION = YES;
				CLANG_WARN_DIRECT_OBJC_ISA_USAGE = YES_ERROR;
				CLANG_WARN_DOCUMENTATION_COMMENTS = YES;
				CLANG_WARN_EMPTY_BODY = YES;
				CLANG_WARN_ENUM_CONVERSION = YES;
				CLANG_WARN_INFINITE_RECURSION = YES;
				CLANG_WARN_INT_CONVERSION = YES;
				CLANG_WARN_OBJC_ROOT_CLASS = YES_ERROR;
				CLANG_WARN_SUSPICIOUS_MOVE = YES;
				CLANG_WARN_UNREACHABLE_CODE = YES;
				CLANG_WARN__DUPLICATE_METHOD_MATCH = YES;
				CODE_SIGN_IDENTITY = "-";
				COPY_PHASE_STRIP = NO;
				DEBUG_INFORMATION_FORMAT = dwarf;
				ENABLE_STRICT_OBJC_MSGSEND = YES;
				ENABLE_TESTABILITY = YES;
				GCC_C_LANGUAGE_STANDARD = gnu99;
				GCC_DYNAMIC_NO_PIC = NO;
				GCC_NO_COMMON_BLOCKS = YES;
				GCC_OPTIMIZATION_LEVEL = 0;
				GCC_PREPROCESSOR_DEFINITIONS = (
					"DEBUG=1",
					"$(inherited)",
				);
				GCC_WARN_64_TO_32_BIT_CONVERSION = YES;
				GCC_WARN_ABOUT_RETURN_TYPE = YES_ERROR;
				GCC_WARN_UNDECLARED_SELECTOR = YES;
				GCC_WARN_UNINITIALIZED_AUTOS = YES_AGGRESSIVE;
				GCC_WARN_UNUSED_FUNCTION = YES;
				GCC_WARN_UNUSED_VARIABLE = YES;
				MACOSX_DEPLOYMENT_TARGET = 10.12;
				MTL_ENABLE_DEBUG_INFO = YES;
				ONLY_ACTIVE_ARCH = YES;
				SDKROOT = macosx;
			};
			name = Debug;
		};
		B532D2521F33181500F6CDBB /* Release */ = {
			isa = XCBuildConfiguration;
			buildSettings = {
				ALWAYS_SEARCH_USER_PATHS = NO;
				CLANG_ANALYZER_NONNULL = YES;
				CLANG_ANALYZER_NUMBER_OBJECT_CONVERSION = YES_AGGRESSIVE;
				CLANG_CXX_LANGUAGE_STANDARD = "gnu++0x";
				CLANG_CXX_LIBRARY = "libc++";
				CLANG_ENABLE_MODULES = YES;
				CLANG_ENABLE_OBJC_ARC = YES;
				CLANG_WARN_BOOL_CONVERSION = YES;
				CLANG_WARN_CONSTANT_CONVERSION = YES;
				CLANG_WARN_DIRECT_OBJC_ISA_USAGE = YES_ERROR;
				CLANG_WARN_DOCUMENTATION_COMMENTS = YES;
				CLANG_WARN_EMPTY_BODY = YES;
				CLANG_WARN_ENUM_CONVERSION = YES;
				CLANG_WARN_INFINITE_RECURSION = YES;
				CLANG_WARN_INT_CONVERSION = YES;
				CLANG_WARN_OBJC_ROOT_CLASS = YES_ERROR;
				CLANG_WARN_SUSPICIOUS_MOVE = YES;
				CLANG_WARN_UNREACHABLE_CODE = YES;
				CLANG_WARN__DUPLICATE_METHOD_MATCH = YES;
				CODE_SIGN_IDENTITY = "-";
				COPY_PHASE_STRIP = NO;
				DEBUG_INFORMATION_FORMAT = "dwarf-with-dsym";
				ENABLE_NS_ASSERTIONS = NO;
				ENABLE_STRICT_OBJC_MSGSEND = YES;
				GCC_C_LANGUAGE_STANDARD = gnu99;
				GCC_NO_COMMON_BLOCKS = YES;
				GCC_WARN_64_TO_32_BIT_CONVERSION = YES;
				GCC_WARN_ABOUT_RETURN_TYPE = YES_ERROR;
				GCC_WARN_UNDECLARED_SELECTOR = YES;
				GCC_WARN_UNINITIALIZED_AUTOS = YES_AGGRESSIVE;
				GCC_WARN_UNUSED_FUNCTION = YES;
				GCC_WARN_UNUSED_VARIABLE = YES;
				MACOSX_DEPLOYMENT_TARGET = 10.12;
				MTL_ENABLE_DEBUG_INFO = NO;
				SDKROOT = macosx;
			};
			name = Release;
		};
		B532D2541F33181500F6CDBB /* Debug */ = {
			isa = XCBuildConfiguration;
			buildSettings = {
				ASSETCATALOG_COMPILER_APPICON_NAME = AppIcon;
				COMBINE_HIDPI_IMAGES = YES;
				DEVELOPMENT_TEAM = DZQ5YNVEU2;
				INFOPLIST_FILE = NSOpenPanel/Info.plist;
				LD_RUNPATH_SEARCH_PATHS = "$(inherited) @executable_path/../Frameworks";
				PRODUCT_BUNDLE_IDENTIFIER = Smartisan.NSOpenPanel;
				PRODUCT_NAME = "$(TARGET_NAME)";
			};
			name = Debug;
		};
		B532D2551F33181500F6CDBB /* Release */ = {
			isa = XCBuildConfiguration;
			buildSettings = {
				ASSETCATALOG_COMPILER_APPICON_NAME = AppIcon;
				COMBINE_HIDPI_IMAGES = YES;
				DEVELOPMENT_TEAM = DZQ5YNVEU2;
				INFOPLIST_FILE = NSOpenPanel/Info.plist;
				LD_RUNPATH_SEARCH_PATHS = "$(inherited) @executable_path/../Frameworks";
				PRODUCT_BUNDLE_IDENTIFIER = Smartisan.NSOpenPanel;
				PRODUCT_NAME = "$(TARGET_NAME)";
			};
			name = Release;
		};
		B532D2571F33181500F6CDBB /* Debug */ = {
			isa = XCBuildConfiguration;
			buildSettings = {
				BUNDLE_LOADER = "$(TEST_HOST)";
				COMBINE_HIDPI_IMAGES = YES;
				DEVELOPMENT_TEAM = DZQ5YNVEU2;
				INFOPLIST_FILE = NSOpenPanelTests/Info.plist;
				LD_RUNPATH_SEARCH_PATHS = "$(inherited) @executable_path/../Frameworks @loader_path/../Frameworks";
				PRODUCT_BUNDLE_IDENTIFIER = Smartisan.NSOpenPanelTests;
				PRODUCT_NAME = "$(TARGET_NAME)";
				TEST_HOST = "$(BUILT_PRODUCTS_DIR)/NSOpenPanel.app/Contents/MacOS/NSOpenPanel";
			};
			name = Debug;
		};
		B532D2581F33181500F6CDBB /* Release */ = {
			isa = XCBuildConfiguration;
			buildSettings = {
				BUNDLE_LOADER = "$(TEST_HOST)";
				COMBINE_HIDPI_IMAGES = YES;
				DEVELOPMENT_TEAM = DZQ5YNVEU2;
				INFOPLIST_FILE = NSOpenPanelTests/Info.plist;
				LD_RUNPATH_SEARCH_PATHS = "$(inherited) @executable_path/../Frameworks @loader_path/../Frameworks";
				PRODUCT_BUNDLE_IDENTIFIER = Smartisan.NSOpenPanelTests;
				PRODUCT_NAME = "$(TARGET_NAME)";
				TEST_HOST = "$(BUILT_PRODUCTS_DIR)/NSOpenPanel.app/Contents/MacOS/NSOpenPanel";
			};
			name = Release;
		};
		B532D25A1F33181500F6CDBB /* Debug */ = {
			isa = XCBuildConfiguration;
			buildSettings = {
				COMBINE_HIDPI_IMAGES = YES;
				DEVELOPMENT_TEAM = DZQ5YNVEU2;
				INFOPLIST_FILE = NSOpenPanelUITests/Info.plist;
				LD_RUNPATH_SEARCH_PATHS = "$(inherited) @executable_path/../Frameworks @loader_path/../Frameworks";
				PRODUCT_BUNDLE_IDENTIFIER = Smartisan.NSOpenPanelUITests;
				PRODUCT_NAME = "$(TARGET_NAME)";
				TEST_TARGET_NAME = NSOpenPanel;
			};
			name = Debug;
		};
		B532D25B1F33181500F6CDBB /* Release */ = {
			isa = XCBuildConfiguration;
			buildSettings = {
				COMBINE_HIDPI_IMAGES = YES;
				DEVELOPMENT_TEAM = DZQ5YNVEU2;
				INFOPLIST_FILE = NSOpenPanelUITests/Info.plist;
				LD_RUNPATH_SEARCH_PATHS = "$(inherited) @executable_path/../Frameworks @loader_path/../Frameworks";
				PRODUCT_BUNDLE_IDENTIFIER = Smartisan.NSOpenPanelUITests;
				PRODUCT_NAME = "$(TARGET_NAME)";
				TEST_TARGET_NAME = NSOpenPanel;
			};
			name = Release;
		};
/* End XCBuildConfiguration section */

/* Begin XCConfigurationList section */
		B532D2241F33181500F6CDBB /* Build configuration list for PBXProject "NSOpenPanel" */ = {
			isa = XCConfigurationList;
			buildConfigurations = (
				B532D2511F33181500F6CDBB /* Debug */,
				B532D2521F33181500F6CDBB /* Release */,
			);
			defaultConfigurationIsVisible = 0;
			defaultConfigurationName = Release;
		};
		B532D2531F33181500F6CDBB /* Build configuration list for PBXNativeTarget "NSOpenPanel" */ = {
			isa = XCConfigurationList;
			buildConfigurations = (
				B532D2541F33181500F6CDBB /* Debug */,
				B532D2551F33181500F6CDBB /* Release */,
			);
			defaultConfigurationIsVisible = 0;
		};
		B532D2561F33181500F6CDBB /* Build configuration list for PBXNativeTarget "NSOpenPanelTests" */ = {
			isa = XCConfigurationList;
			buildConfigurations = (
				B532D2571F33181500F6CDBB /* Debug */,
				B532D2581F33181500F6CDBB /* Release */,
			);
			defaultConfigurationIsVisible = 0;
		};
		B532D2591F33181500F6CDBB /* Build configuration list for PBXNativeTarget "NSOpenPanelUITests" */ = {
			isa = XCConfigurationList;
			buildConfigurations = (
				B532D25A1F33181500F6CDBB /* Debug */,
				B532D25B1F33181500F6CDBB /* Release */,
			);
			defaultConfigurationIsVisible = 0;
		};
/* End XCConfigurationList section */
	};
	rootObject = B532D2211F33181500F6CDBB /* Project object */;
}
